
Microsoft Visual Studio Solution File, Format Version 12.00
# Visual Studio Version 17
VisualStudioVersion = 17.14.36623.8
MinimumVisualStudioVersion = 10.0.40219.1
Project("{FAE04EC0-301F-11D3-BF4B-00C04F79EFBC}") = "LLM-Test", "LLM-Test\LLM-Test.csproj", "{56CB87A0-F8C0-4D5F-9BF9-B68E9ED3A291}"
EndProject
Project("{888888A0-9F3D-457C-B088-3A5042F75D52}") = "GrpcPythonServer", "..\..\LLM\video two\GrpcPythonServer.pyproj", "{75933F48-85DC-4768-8112-13E4938079DA}"
EndProject
Global
	GlobalSection(SolutionConfigurationPlatforms) = preSolution
		Debug|Any CPU = Debug|Any CPU
		Release|Any CPU = Release|Any CPU
	EndGlobalSection
	GlobalSection(ProjectConfigurationPlatforms) = postSolution
		{56CB87A0-F8C0-4D5F-9BF9-B68E9ED3A291}.Debug|Any CPU.ActiveCfg = Debug|Any CPU
		{56CB87A0-F8C0-4D5F-9BF9-B68E9ED3A291}.Debug|Any CPU.Build.0 = Debug|Any CPU
		{56CB87A0-F8C0-4D5F-9BF9-B68E9ED3A291}.Release|Any CPU.ActiveCfg = Release|Any CPU
		{56CB87A0-F8C0-4D5F-9BF9-B68E9ED3A291}.Release|Any CPU.Build.0 = Release|Any CPU
		{75933F48-85DC-4768-8112-13E4938079DA}.Debug|Any CPU.ActiveCfg = Debug|Any CPU
		{75933F48-85DC-4768-8112-13E4938079DA}.Release|Any CPU.ActiveCfg = Release|Any CPU
	EndGlobalSection
	GlobalSection(SolutionProperties) = preSolution
		HideSolutionNode = FALSE
	EndGlobalSection
	GlobalSection(ExtensibilityGlobals) = postSolution
		SolutionGuid = {902A4732-37C5-46B4-BD6E-E8F57C586CA6}
	EndGlobalSection
EndGlobal
